
Microsoft Visual Studio Solution File, Format Version 12.00
# Visual Studio Version 17
VisualStudioVersion = 17.14.36603.0 d17.14
MinimumVisualStudioVersion = 10.0.40219.1
Project("{FAE04EC0-301F-11D3-BF4B-00C04F79EFBC}") = "LR1_S2", "LR1_S2.csproj", "{C28EF770-878D-4DDD-B2F8-2445BA855008}"
EndProject
Global
	GlobalSection(SolutionConfigurationPlatforms) = preSolution
		Debug|Any CPU = Debug|Any CPU
		Release|Any CPU = Release|Any CPU
	EndGlobalSection
	GlobalSection(ProjectConfigurationPlatforms) = postSolution
		{C28EF770-878D-4DDD-B2F8-2445BA855008}.Debug|Any CPU.ActiveCfg = Debug|Any CPU
		{C28EF770-878D-4DDD-B2F8-2445BA855008}.Debug|Any CPU.Build.0 = Debug|Any CPU
		{C28EF770-878D-4DDD-B2F8-2445BA855008}.Release|Any CPU.ActiveCfg = Release|Any CPU
		{C28EF770-878D-4DDD-B2F8-2445BA855008}.Release|Any CPU.Build.0 = Release|Any CPU
	EndGlobalSection
	GlobalSection(SolutionProperties) = preSolution
		HideSolutionNode = FALSE
	EndGlobalSection
	GlobalSection(ExtensibilityGlobals) = postSolution
		SolutionGuid = {295CAE4B-72AF-43FE-9D6E-7A46B6DBBF72}
	EndGlobalSection
EndGlobal
