
Microsoft Visual Studio Solution File, Format Version 12.00
# Visual Studio Version 17
VisualStudioVersion = 17.14.36603.0 d17.14
MinimumVisualStudioVersion = 10.0.40219.1
Project("{FAE04EC0-301F-11D3-BF4B-00C04F79EFBC}") = "PR1_1_S2", "PR1_1_S2.csproj", "{E51613C3-035F-4851-82E4-6D9F897C780B}"
EndProject
Global
	GlobalSection(SolutionConfigurationPlatforms) = preSolution
		Debug|Any CPU = Debug|Any CPU
		Release|Any CPU = Release|Any CPU
	EndGlobalSection
	GlobalSection(ProjectConfigurationPlatforms) = postSolution
		{E51613C3-035F-4851-82E4-6D9F897C780B}.Debug|Any CPU.ActiveCfg = Debug|Any CPU
		{E51613C3-035F-4851-82E4-6D9F897C780B}.Debug|Any CPU.Build.0 = Debug|Any CPU
		{E51613C3-035F-4851-82E4-6D9F897C780B}.Release|Any CPU.ActiveCfg = Release|Any CPU
		{E51613C3-035F-4851-82E4-6D9F897C780B}.Release|Any CPU.Build.0 = Release|Any CPU
	EndGlobalSection
	GlobalSection(SolutionProperties) = preSolution
		HideSolutionNode = FALSE
	EndGlobalSection
	GlobalSection(ExtensibilityGlobals) = postSolution
		SolutionGuid = {2BE89708-B18E-4A83-A6AF-138B84A9CD17}
	EndGlobalSection
EndGlobal
